Microsoft Visual Studio Solution File, Format Version 11.00
# Visual Studio 2008

Project("{C579A6D4-FB39-865F-F018-E48A698875B5}") = "BelajarUI_1", "Assembly-CSharp.csproj", "{A654362D-B0E1-3551-B096-F0183A2D49C6}"
EndProject
Global
	GlobalSection(SolutionConfigurationPlatforms) = preSolution
		Debug|Any CPU = Debug|Any CPU
		Release|Any CPU = Release|Any CPU
	EndGlobalSection
	GlobalSection(ProjectConfigurationPlatforms) = postSolution
		{A654362D-B0E1-3551-B096-F0183A2D49C6}.Debug|Any CPU.ActiveCfg = Debug|Any CPU
		{A654362D-B0E1-3551-B096-F0183A2D49C6}.Debug|Any CPU.Build.0 = Debug|Any CPU
		{A654362D-B0E1-3551-B096-F0183A2D49C6}.Release|Any CPU.ActiveCfg = Release|Any CPU
		{A654362D-B0E1-3551-B096-F0183A2D49C6}.Release|Any CPU.Build.0 = Release|Any CPU
	EndGlobalSection
	GlobalSection(SolutionProperties) = preSolution
		HideSolutionNode = FALSE
	EndGlobalSection
	GlobalSection(MonoDevelopProperties) = preSolution
		StartupItem = Assembly-CSharp.csproj
	EndGlobalSection
EndGlobal
